
Microsoft Visual Studio Solution File, Format Version 12.00
# Visual Studio 2012
Project("{FAE04EC0-301F-11D3-BF4B-00C04F79EFBC}") = "IvanProyecto", "IvanProyecto\IvanProyecto.csproj", "{7B503845-7137-4866-A82A-1C868906BFDE}"
EndProject
Global
	GlobalSection(SolutionConfigurationPlatforms) = preSolution
		Debug|Any CPU = Debug|Any CPU
		Release|Any CPU = Release|Any CPU
	EndGlobalSection
	GlobalSection(ProjectConfigurationPlatforms) = postSolution
		{7B503845-7137-4866-A82A-1C868906BFDE}.Debug|Any CPU.ActiveCfg = Debug|Any CPU
		{7B503845-7137-4866-A82A-1C868906BFDE}.Debug|Any CPU.Build.0 = Debug|Any CPU
		{7B503845-7137-4866-A82A-1C868906BFDE}.Release|Any CPU.ActiveCfg = Release|Any CPU
		{7B503845-7137-4866-A82A-1C868906BFDE}.Release|Any CPU.Build.0 = Release|Any CPU
	EndGlobalSection
	GlobalSection(SolutionProperties) = preSolution
		HideSolutionNode = FALSE
	EndGlobalSection
EndGlobal
